{
  "name": "deck-of-cards-manager",
  "version": "0.0.1",
  "lockfileVersion": 1,
  "requires": true,
  "dependencies": {
    "@ngxs/store": {
      "version": "3.3.4-dev.master-0fbf2fb",
      "resolved": "https://registry.npmjs.org/@ngxs/store/-/store-3.3.4-dev.master-0fbf2fb.tgz",
      "integrity": "sha512-liCMon5uyjH90ZDNJrV2fMZu83efAdIX7upbIAf2WOARghJmchdJtY6nkC2f0ntPIfZnVdqnUCxzvJp/4MDjmQ==",
      "requires": {
        "tslib": "^1.9.0"
      }
    },
    "tslib": {
      "version": "1.9.3",
      "resolved": "https://registry.npmjs.org/tslib/-/tslib-1.9.3.tgz",
      "integrity": "sha512-4krF8scpejhaOgqzBEcGM7yDIEfi0/8+8zDRZhNZZ2kjmHJ4hv3zCbQWxoJGz1iw5U0Jl0nma13xzHXcncMavQ=="
    }
  }
}
